
Microsoft Visual Studio Solution File, Format Version 12.00
# Visual Studio Version 17
VisualStudioVersion = 17.14.37301.10
MinimumVisualStudioVersion = 10.0.40219.1
Project("{9A19103F-16F7-4668-BE54-9A1E7A4F7556}") = "SoftwareEngineering.Console", "SoftwareEngineering.Console\SoftwareEngineering.Console.csproj", "{D1D91D79-69A8-4DA1-9A93-CA6240B97027}"
EndProject
Project("{9A19103F-16F7-4668-BE54-9A1E7A4F7556}") = "SoftwareEngineering.BLL", "SoftwareEngineering.BLL\SoftwareEngineering.BLL.csproj", "{4030DB90-67EC-4683-8664-F538169940B0}"
EndProject
Project("{9A19103F-16F7-4668-BE54-9A1E7A4F7556}") = "SoftwareEngineering.DAL", "SoftwareEngineering.DAL\SoftwareEngineering.DAL.csproj", "{7ACC277B-9974-4AE2-8DAD-26EDAACDFB55}"
EndProject
Project("{9A19103F-16F7-4668-BE54-9A1E7A4F7556}") = "SoftwareEngineering.Client", "SoftwareEngineering.Client\SoftwareEngineering.Client.csproj", "{8D4A58FB-B381-4BAD-BA01-82B6BC8E1FE1}"
EndProject
Project("{2150E333-8FDC-42A3-9474-1A3956D46DE8}") = "Solution Items", "Solution Items", "{FE609725-6BAE-43F6-B068-1EB8B0BA62D8}"
	ProjectSection(SolutionItems) = preProject
		.editorconfig = .editorconfig
	EndProjectSection
EndProject
Global
	GlobalSection(SolutionConfigurationPlatforms) = preSolution
		Debug|Any CPU = Debug|Any CPU
		Debug|x64 = Debug|x64
		Debug|x86 = Debug|x86
		Release|Any CPU = Release|Any CPU
		Release|x64 = Release|x64
		Release|x86 = Release|x86
	EndGlobalSection
	GlobalSection(ProjectConfigurationPlatforms) = postSolution
		{D1D91D79-69A8-4DA1-9A93-CA6240B97027}.Debug|Any CPU.ActiveCfg = Debug|Any CPU
		{D1D91D79-69A8-4DA1-9A93-CA6240B97027}.Debug|Any CPU.Build.0 = Debug|Any CPU
		{D1D91D79-69A8-4DA1-9A93-CA6240B97027}.Debug|x64.ActiveCfg = Debug|Any CPU
		{D1D91D79-69A8-4DA1-9A93-CA6240B97027}.Debug|x64.Build.0 = Debug|Any CPU
		{D1D91D79-69A8-4DA1-9A93-CA6240B97027}.Debug|x86.ActiveCfg = Debug|Any CPU
		{D1D91D79-69A8-4DA1-9A93-CA6240B97027}.Debug|x86.Build.0 = Debug|Any CPU
		{D1D91D79-69A8-4DA1-9A93-CA6240B97027}.Release|Any CPU.ActiveCfg = Release|Any CPU
		{D1D91D79-69A8-4DA1-9A93-CA6240B97027}.Release|Any CPU.Build.0 = Release|Any CPU
		{D1D91D79-69A8-4DA1-9A93-CA6240B97027}.Release|x64.ActiveCfg = Release|Any CPU
		{D1D91D79-69A8-4DA1-9A93-CA6240B97027}.Release|x64.Build.0 = Release|Any CPU
		{D1D91D79-69A8-4DA1-9A93-CA6240B97027}.Release|x86.ActiveCfg = Release|Any CPU
		{D1D91D79-69A8-4DA1-9A93-CA6240B97027}.Release|x86.Build.0 = Release|Any CPU
		{4030DB90-67EC-4683-8664-F538169940B0}.Debug|Any CPU.ActiveCfg = Debug|Any CPU
		{4030DB90-67EC-4683-8664-F538169940B0}.Debug|Any CPU.Build.0 = Debug|Any CPU
		{4030DB90-67EC-4683-8664-F538169940B0}.Debug|x64.ActiveCfg = Debug|Any CPU
		{4030DB90-67EC-4683-8664-F538169940B0}.Debug|x64.Build.0 = Debug|Any CPU
		{4030DB90-67EC-4683-8664-F538169940B0}.Debug|x86.ActiveCfg = Debug|Any CPU
		{4030DB90-67EC-4683-8664-F538169940B0}.Debug|x86.Build.0 = Debug|Any CPU
		{4030DB90-67EC-4683-8664-F538169940B0}.Release|Any CPU.ActiveCfg = Release|Any CPU
		{4030DB90-67EC-4683-8664-F538169940B0}.Release|Any CPU.Build.0 = Release|Any CPU
		{4030DB90-67EC-4683-8664-F538169940B0}.Release|x64.ActiveCfg = Release|Any CPU
		{4030DB90-67EC-4683-8664-F538169940B0}.Release|x64.Build.0 = Release|Any CPU
		{4030DB90-67EC-4683-8664-F538169940B0}.Release|x86.ActiveCfg = Release|Any CPU
		{4030DB90-67EC-4683-8664-F538169940B0}.Release|x86.Build.0 = Release|Any CPU
		{7ACC277B-9974-4AE2-8DAD-26EDAACDFB55}.Debug|Any CPU.ActiveCfg = Debug|Any CPU
		{7ACC277B-9974-4AE2-8DAD-26EDAACDFB55}.Debug|Any CPU.Build.0 = Debug|Any CPU
		{7ACC277B-9974-4AE2-8DAD-26EDAACDFB55}.Debug|x64.ActiveCfg = Debug|Any CPU
		{7ACC277B-9974-4AE2-8DAD-26EDAACDFB55}.Debug|x64.Build.0 = Debug|Any CPU
		{7ACC277B-9974-4AE2-8DAD-26EDAACDFB55}.Debug|x86.ActiveCfg = Debug|Any CPU
		{7ACC277B-9974-4AE2-8DAD-26EDAACDFB55}.Debug|x86.Build.0 = Debug|Any CPU
		{7ACC277B-9974-4AE2-8DAD-26EDAACDFB55}.Release|Any CPU.ActiveCfg = Release|Any CPU
		{7ACC277B-9974-4AE2-8DAD-26EDAACDFB55}.Release|Any CPU.Build.0 = Release|Any CPU
		{7ACC277B-9974-4AE2-8DAD-26EDAACDFB55}.Release|x64.ActiveCfg = Release|Any CPU
		{7ACC277B-9974-4AE2-8DAD-26EDAACDFB55}.Release|x64.Build.0 = Release|Any CPU
		{7ACC277B-9974-4AE2-8DAD-26EDAACDFB55}.Release|x86.ActiveCfg = Release|Any CPU
		{7ACC277B-9974-4AE2-8DAD-26EDAACDFB55}.Release|x86.Build.0 = Release|Any CPU
		{8D4A58FB-B381-4BAD-BA01-82B6BC8E1FE1}.Debug|Any CPU.ActiveCfg = Debug|Any CPU
		{8D4A58FB-B381-4BAD-BA01-82B6BC8E1FE1}.Debug|Any CPU.Build.0 = Debug|Any CPU
		{8D4A58FB-B381-4BAD-BA01-82B6BC8E1FE1}.Debug|x64.ActiveCfg = Debug|Any CPU
		{8D4A58FB-B381-4BAD-BA01-82B6BC8E1FE1}.Debug|x64.Build.0 = Debug|Any CPU
		{8D4A58FB-B381-4BAD-BA01-82B6BC8E1FE1}.Debug|x86.ActiveCfg = Debug|Any CPU
		{8D4A58FB-B381-4BAD-BA01-82B6BC8E1FE1}.Debug|x86.Build.0 = Debug|Any CPU
		{8D4A58FB-B381-4BAD-BA01-82B6BC8E1FE1}.Release|Any CPU.ActiveCfg = Release|Any CPU
		{8D4A58FB-B381-4BAD-BA01-82B6BC8E1FE1}.Release|Any CPU.Build.0 = Release|Any CPU
		{8D4A58FB-B381-4BAD-BA01-82B6BC8E1FE1}.Release|x64.ActiveCfg = Release|Any CPU
		{8D4A58FB-B381-4BAD-BA01-82B6BC8E1FE1}.Release|x64.Build.0 = Release|Any CPU
		{8D4A58FB-B381-4BAD-BA01-82B6BC8E1FE1}.Release|x86.ActiveCfg = Release|Any CPU
		{8D4A58FB-B381-4BAD-BA01-82B6BC8E1FE1}.Release|x86.Build.0 = Release|Any CPU
	EndGlobalSection
	GlobalSection(SolutionProperties) = preSolution
		HideSolutionNode = FALSE
	EndGlobalSection
	GlobalSection(ExtensibilityGlobals) = postSolution
		SolutionGuid = {A4605117-76DC-486D-8A65-3752162FD7DC}
	EndGlobalSection
EndGlobal
